Microsoft Visual Studio Solution File, Format Version 12.00
# Visual Studio 15
VisualStudioVersion = 15.0.28010.2048
MinimumVisualStudioVersion = 10.0.40219.1
Project("{FAE04EC0-301F-11D3-BF4B-00C04F79EFBC}") = "OLKI.Tools.CommonTools", "OLKI.Tools.CommonTools.csproj", "{EACF8CEE-E449-4591-AAF1-ECDDA827AD8A}"
EndProject
Global
	GlobalSection(SolutionConfigurationPlatforms) = preSolution
		Debug|Any CPU = Debug|Any CPU
		Release|Any CPU = Release|Any CPU
	EndGlobalSection
	GlobalSection(ProjectConfigurationPlatforms) = postSolution
		{EACF8CEE-E449-4591-AAF1-ECDDA827AD8A}.Debug|Any CPU.ActiveCfg = Debug|Any CPU
		{EACF8CEE-E449-4591-AAF1-ECDDA827AD8A}.Debug|Any CPU.Build.0 = Debug|Any CPU
		{EACF8CEE-E449-4591-AAF1-ECDDA827AD8A}.Release|Any CPU.ActiveCfg = Release|Any CPU
		{EACF8CEE-E449-4591-AAF1-ECDDA827AD8A}.Release|Any CPU.Build.0 = Release|Any CPU
	EndGlobalSection
	GlobalSection(SolutionProperties) = preSolution
		HideSolutionNode = FALSE
	EndGlobalSection
	GlobalSection(ExtensibilityGlobals) = postSolution
		SolutionGuid = {B8D41F76-A7C6-421A-96F2-D5E9DF3EA19D}
	EndGlobalSection
EndGlobal
